// !$*UTF8*$!
{
	archiveVersion = 1;
	classes = {
	};
	objectVersion = 46;
	objects = {

/* Begin PBXBuildFile section */
		641D888B1D2CB5C200CA5965 /* ProjectCleaner.xcscheme in Resources */ = {isa = PBXBuildFile; fileRef = 641D888A1D2CB5C200CA5965 /* ProjectCleaner.xcscheme */; };
		641D888E1D2CB5C200CA5965 /* ProjectCleaner.m in Sources */ = {isa = PBXBuildFile; fileRef = 641D888D1D2CB5C200CA5965 /* ProjectCleaner.m */; };
		641D88A41D2CBF0800CA5965 /* PCMainWindowController.m in Sources */ = {isa = PBXBuildFile; fileRef = 641D88A21D2CBF0800CA5965 /* PCMainWindowController.m */; };
		641D88A51D2CBF0800CA5965 /* PCMainWindowController.xib in Resources */ = {isa = PBXBuildFile; fileRef = 641D88A31D2CBF0800CA5965 /* PCMainWindowController.xib */; };
		64366BDF1D38DBC4000363F1 /* NSView+PCUserInteraction.m in Sources */ = {isa = PBXBuildFile; fileRef = 64366BDE1D38DBC4000363F1 /* NSView+PCUserInteraction.m */; };
		64366BE21D38E4EB000363F1 /* NSMutableString+PCSemanticParsing.m in Sources */ = {isa = PBXBuildFile; fileRef = 64366BE11D38E4EB000363F1 /* NSMutableString+PCSemanticParsing.m */; };
		648088821D2CD2730045793A /* PCMainTableViewDelegate.m in Sources */ = {isa = PBXBuildFile; fileRef = 648088811D2CD2730045793A /* PCMainTableViewDelegate.m */; };
		648088881D2CE6CF0045793A /* PCFuncitons.plist in Resources */ = {isa = PBXBuildFile; fileRef = 648088871D2CE6CF0045793A /* PCFuncitons.plist */; };
		BA35540F1D39DFCE00E2DB04 /* PCDeleteTaskExecutor.m in Sources */ = {isa = PBXBuildFile; fileRef = BA35540E1D39DFCE00E2DB04 /* PCDeleteTaskExecutor.m */; };
		BA3554121D39E05D00E2DB04 /* PCSearchTaskExecutor.m in Sources */ = {isa = PBXBuildFile; fileRef = BA3554111D39E05D00E2DB04 /* PCSearchTaskExecutor.m */; };
		BA3554151D39E6EB00E2DB04 /* PCTaskStatusMachine.m in Sources */ = {isa = PBXBuildFile; fileRef = BA3554141D39E6EB00E2DB04 /* PCTaskStatusMachine.m */; };
		BA3554181D39FA9800E2DB04 /* PCOpenDocumentTaskExecutor.m in Sources */ = {isa = PBXBuildFile; fileRef = BA3554171D39FA9800E2DB04 /* PCOpenDocumentTaskExecutor.m */; };
		BA35541B1D39FAB100E2DB04 /* PCOpenDrivingDataTaskExecutor.m in Sources */ = {isa = PBXBuildFile; fileRef = BA35541A1D39FAB100E2DB04 /* PCOpenDrivingDataTaskExecutor.m */; };
		BA35541E1D39FAE900E2DB04 /* PCDeleteDocumentTaskExecutor.m in Sources */ = {isa = PBXBuildFile; fileRef = BA35541D1D39FAE900E2DB04 /* PCDeleteDocumentTaskExecutor.m */; };
		BA3554211D39FAFE00E2DB04 /* PCDeleteDrivingDataTaskExecutor.m in Sources */ = {isa = PBXBuildFile; fileRef = BA3554201D39FAFE00E2DB04 /* PCDeleteDrivingDataTaskExecutor.m */; };
		BA3554241D39FB1D00E2DB04 /* PCClearConsoleTaskExecutor.m in Sources */ = {isa = PBXBuildFile; fileRef = BA3554231D39FB1D00E2DB04 /* PCClearConsoleTaskExecutor.m */; };
		BA77315E1D39101A00464411 /* PCConsoleLogHandler.m in Sources */ = {isa = PBXBuildFile; fileRef = BA77315D1D39101A00464411 /* PCConsoleLogHandler.m */; };
		BA7731651D392B9600464411 /* PCCommandParser.m in Sources */ = {isa = PBXBuildFile; fileRef = BA7731641D392B9600464411 /* PCCommandParser.m */; };
		BA7731671D392CBF00464411 /* PCCommands.plist in Resources */ = {isa = PBXBuildFile; fileRef = BA7731661D392CBF00464411 /* PCCommands.plist */; };
		BA77316A1D3935D600464411 /* PCHelpTaskExecutor.m in Sources */ = {isa = PBXBuildFile; fileRef = BA7731691D3935D600464411 /* PCHelpTaskExecutor.m */; };
		BAC50EC11D2D51E2006ACD85 /* PCUtils.m in Sources */ = {isa = PBXBuildFile; fileRef = BAC50EC01D2D51E2006ACD85 /* PCUtils.m */; };
/* End PBXBuildFile section */

/* Begin PBXFileReference section */
		641D88861D2CB5C200CA5965 /* ProjectCleaner.xcplugin */ = {isa = PBXFileReference; explicitFileType = wrapper.cfbundle; includeInIndex = 0; path = ProjectCleaner.xcplugin; sourceTree = BUILT_PRODUCTS_DIR; };
		641D888A1D2CB5C200CA5965 /* ProjectCleaner.xcscheme */ = {isa = PBXFileReference; lastKnownFileType = text.xml; name = ProjectCleaner.xcscheme; path = ProjectCleaner.xcodeproj/xcshareddata/xcschemes/ProjectCleaner.xcscheme; sourceTree = SOURCE_ROOT; };
		641D888C1D2CB5C200CA5965 /* ProjectCleaner.h */ = {isa = PBXFileReference; lastKnownFileType = sourcecode.c.h; path = ProjectCleaner.h; sourceTree = "<group>"; };
		641D888D1D2CB5C200CA5965 /* ProjectCleaner.m */ = {isa = PBXFileReference; lastKnownFileType = sourcecode.c.objc; path = ProjectCleaner.m; sourceTree = "<group>"; };
		641D888F1D2CB5C200CA5965 /* Info.plist */ = {isa = PBXFileReference; lastKnownFileType = text.plist.xml; path = Info.plist; sourceTree = "<group>"; };
		641D88A11D2CBF0800CA5965 /* PCMainWindowController.h */ = {isa = PBXFileReference; fileEncoding = 4; lastKnownFileType = sourcecode.c.h; path = PCMainWindowController.h; sourceTree = "<group>"; };
		641D88A21D2CBF0800CA5965 /* PCMainWindowController.m */ = {isa = PBXFileReference; fileEncoding = 4; lastKnownFileType = sourcecode.c.objc; path = PCMainWindowController.m; sourceTree = "<group>"; };
		641D88A31D2CBF0800CA5965 /* PCMainWindowController.xib */ = {isa = PBXFileReference; fileEncoding = 4; lastKnownFileType = file.xib; path = PCMainWindowController.xib; sourceTree = "<group>"; };
		64366BDD1D38DBC4000363F1 /* NSView+PCUserInteraction.h */ = {isa = PBXFileReference; fileEncoding = 4; lastKnownFileType = sourcecode.c.h; path = "NSView+PCUserInteraction.h"; sourceTree = "<group>"; };
		64366BDE1D38DBC4000363F1 /* NSView+PCUserInteraction.m */ = {isa = PBXFileReference; fileEncoding = 4; lastKnownFileType = sourcecode.c.objc; path = "NSView+PCUserInteraction.m"; sourceTree = "<group>"; };
		64366BE01D38E4EB000363F1 /* NSMutableString+PCSemanticParsing.h */ = {isa = PBXFileReference; fileEncoding = 4; lastKnownFileType = sourcecode.c.h; path = "NSMutableString+PCSemanticParsing.h"; sourceTree = "<group>"; };
		64366BE11D38E4EB000363F1 /* NSMutableString+PCSemanticParsing.m */ = {isa = PBXFileReference; fileEncoding = 4; lastKnownFileType = sourcecode.c.objc; path = "NSMutableString+PCSemanticParsing.m"; sourceTree = "<group>"; };
		648088801D2CD2730045793A /* PCMainTableViewDelegate.h */ = {isa = PBXFileReference; fileEncoding = 4; lastKnownFileType = sourcecode.c.h; path = PCMainTableViewDelegate.h; sourceTree = "<group>"; };
		648088811D2CD2730045793A /* PCMainTableViewDelegate.m */ = {isa = PBXFileReference; fileEncoding = 4; lastKnownFileType = sourcecode.c.objc; path = PCMainTableViewDelegate.m; sourceTree = "<group>"; };
		648088851D2CD4450045793A /* PCDefines.h */ = {isa = PBXFileReference; fileEncoding = 4; lastKnownFileType = sourcecode.c.h; path = PCDefines.h; sourceTree = "<group>"; };
		648088871D2CE6CF0045793A /* PCFuncitons.plist */ = {isa = PBXFileReference; fileEncoding = 4; lastKnownFileType = text.plist.xml; path = PCFuncitons.plist; sourceTree = "<group>"; };
		BA35540D1D39DFCE00E2DB04 /* PCDeleteTaskExecutor.h */ = {isa = PBXFileReference; fileEncoding = 4; lastKnownFileType = sourcecode.c.h; path = PCDeleteTaskExecutor.h; sourceTree = "<group>"; };
		BA35540E1D39DFCE00E2DB04 /* PCDeleteTaskExecutor.m */ = {isa = PBXFileReference; fileEncoding = 4; lastKnownFileType = sourcecode.c.objc; path = PCDeleteTaskExecutor.m; sourceTree = "<group>"; };
		BA3554101D39E05D00E2DB04 /* PCSearchTaskExecutor.h */ = {isa = PBXFileReference; fileEncoding = 4; lastKnownFileType = sourcecode.c.h; path = PCSearchTaskExecutor.h; sourceTree = "<group>"; };
		BA3554111D39E05D00E2DB04 /* PCSearchTaskExecutor.m */ = {isa = PBXFileReference; fileEncoding = 4; lastKnownFileType = sourcecode.c.objc; path = PCSearchTaskExecutor.m; sourceTree = "<group>"; };
		BA3554131D39E6EB00E2DB04 /* PCTaskStatusMachine.h */ = {isa = PBXFileReference; fileEncoding = 4; lastKnownFileType = sourcecode.c.h; path = PCTaskStatusMachine.h; sourceTree = "<group>"; };
		BA3554141D39E6EB00E2DB04 /* PCTaskStatusMachine.m */ = {isa = PBXFileReference; fileEncoding = 4; lastKnownFileType = sourcecode.c.objc; path = PCTaskStatusMachine.m; sourceTree = "<group>"; };
		BA3554161D39FA9800E2DB04 /* PCOpenDocumentTaskExecutor.h */ = {isa = PBXFileReference; fileEncoding = 4; lastKnownFileType = sourcecode.c.h; path = PCOpenDocumentTaskExecutor.h; sourceTree = "<group>"; };
		BA3554171D39FA9800E2DB04 /* PCOpenDocumentTaskExecutor.m */ = {isa = PBXFileReference; fileEncoding = 4; lastKnownFileType = sourcecode.c.objc; path = PCOpenDocumentTaskExecutor.m; sourceTree = "<group>"; };
		BA3554191D39FAB100E2DB04 /* PCOpenDrivingDataTaskExecutor.h */ = {isa = PBXFileReference; fileEncoding = 4; lastKnownFileType = sourcecode.c.h; path = PCOpenDrivingDataTaskExecutor.h; sourceTree = "<group>"; };
		BA35541A1D39FAB100E2DB04 /* PCOpenDrivingDataTaskExecutor.m */ = {isa = PBXFileReference; fileEncoding = 4; lastKnownFileType = sourcecode.c.objc; path = PCOpenDrivingDataTaskExecutor.m; sourceTree = "<group>"; };
		BA35541C1D39FAE900E2DB04 /* PCDeleteDocumentTaskExecutor.h */ = {isa = PBXFileReference; fileEncoding = 4; lastKnownFileType = sourcecode.c.h; path = PCDeleteDocumentTaskExecutor.h; sourceTree = "<group>"; };
		BA35541D1D39FAE900E2DB04 /* PCDeleteDocumentTaskExecutor.m */ = {isa = PBXFileReference; fileEncoding = 4; lastKnownFileType = sourcecode.c.objc; path = PCDeleteDocumentTaskExecutor.m; sourceTree = "<group>"; };
		BA35541F1D39FAFE00E2DB04 /* PCDeleteDrivingDataTaskExecutor.h */ = {isa = PBXFileReference; fileEncoding = 4; lastKnownFileType = sourcecode.c.h; path = PCDeleteDrivingDataTaskExecutor.h; sourceTree = "<group>"; };
		BA3554201D39FAFE00E2DB04 /* PCDeleteDrivingDataTaskExecutor.m */ = {isa = PBXFileReference; fileEncoding = 4; lastKnownFileType = sourcecode.c.objc; path = PCDeleteDrivingDataTaskExecutor.m; sourceTree = "<group>"; };
		BA3554221D39FB1D00E2DB04 /* PCClearConsoleTaskExecutor.h */ = {isa = PBXFileReference; fileEncoding = 4; lastKnownFileType = sourcecode.c.h; path = PCClearConsoleTaskExecutor.h; sourceTree = "<group>"; };
		BA3554231D39FB1D00E2DB04 /* PCClearConsoleTaskExecutor.m */ = {isa = PBXFileReference; fileEncoding = 4; lastKnownFileType = sourcecode.c.objc; path = PCClearConsoleTaskExecutor.m; sourceTree = "<group>"; };
		BA77315C1D39101A00464411 /* PCConsoleLogHandler.h */ = {isa = PBXFileReference; fileEncoding = 4; lastKnownFileType = sourcecode.c.h; path = PCConsoleLogHandler.h; sourceTree = "<group>"; };
		BA77315D1D39101A00464411 /* PCConsoleLogHandler.m */ = {isa = PBXFileReference; fileEncoding = 4; lastKnownFileType = sourcecode.c.objc; path = PCConsoleLogHandler.m; sourceTree = "<group>"; };
		BA7731621D39108600464411 /* PCTaskExecuteProtocol.h */ = {isa = PBXFileReference; fileEncoding = 4; lastKnownFileType = sourcecode.c.h; path = PCTaskExecuteProtocol.h; sourceTree = "<group>"; };
		BA7731631D392B9600464411 /* PCCommandParser.h */ = {isa = PBXFileReference; fileEncoding = 4; lastKnownFileType = sourcecode.c.h; path = PCCommandParser.h; sourceTree = "<group>"; };
		BA7731641D392B9600464411 /* PCCommandParser.m */ = {isa = PBXFileReference; fileEncoding = 4; lastKnownFileType = sourcecode.c.objc; path = PCCommandParser.m; sourceTree = "<group>"; };
		BA7731661D392CBF00464411 /* PCCommands.plist */ = {isa = PBXFileReference; fileEncoding = 4; lastKnownFileType = text.plist.xml; path = PCCommands.plist; sourceTree = "<group>"; };
		BA7731681D3935D600464411 /* PCHelpTaskExecutor.h */ = {isa = PBXFileReference; fileEncoding = 4; lastKnownFileType = sourcecode.c.h; path = PCHelpTaskExecutor.h; sourceTree = "<group>"; };
		BA7731691D3935D600464411 /* PCHelpTaskExecutor.m */ = {isa = PBXFileReference; fileEncoding = 4; lastKnownFileType = sourcecode.c.objc; path = PCHelpTaskExecutor.m; sourceTree = "<group>"; };
		BAC50EBF1D2D51E2006ACD85 /* PCUtils.h */ = {isa = PBXFileReference; fileEncoding = 4; lastKnownFileType = sourcecode.c.h; path = PCUtils.h; sourceTree = "<group>"; };
		BAC50EC01D2D51E2006ACD85 /* PCUtils.m */ = {isa = PBXFileReference; fileEncoding = 4; lastKnownFileType = sourcecode.c.objc; path = PCUtils.m; sourceTree = "<group>"; };
/* End PBXFileReference section */

/* Begin PBXGroup section */
		641D887E1D2CB5C200CA5965 = {
			isa = PBXGroup;
			children = (
				641D88881D2CB5C200CA5965 /* ProjectCleaner */,
				641D88871D2CB5C200CA5965 /* Products */,
			);
			sourceTree = "<group>";
		};
		641D88871D2CB5C200CA5965 /* Products */ = {
			isa = PBXGroup;
			children = (
				641D88861D2CB5C200CA5965 /* ProjectCleaner.xcplugin */,
			);
			name = Products;
			sourceTree = "<group>";
		};
		641D88881D2CB5C200CA5965 /* ProjectCleaner */ = {
			isa = PBXGroup;
			children = (
				BA7731611D39106300464411 /* Protocols */,
				648088861D2CE69E0045793A /* Resources */,
				648088831D2CD3720045793A /* Utils */,
				641D889E1D2CBEDA00CA5965 /* Controllers */,
				641D889D1D2CBEDA00CA5965 /* Businesses */,
				641D889F1D2CBEDA00CA5965 /* Models */,
				641D88A01D2CBEDA00CA5965 /* Views */,
				641D888C1D2CB5C200CA5965 /* ProjectCleaner.h */,
				641D888D1D2CB5C200CA5965 /* ProjectCleaner.m */,
				641D888F1D2CB5C200CA5965 /* Info.plist */,
				641D88891D2CB5C200CA5965 /* Supporting Files */,
			);
			path = ProjectCleaner;
			sourceTree = "<group>";
		};
		641D88891D2CB5C200CA5965 /* Supporting Files */ = {
			isa = PBXGroup;
			children = (
				641D888A1D2CB5C200CA5965 /* ProjectCleaner.xcscheme */,
			);
			name = "Supporting Files";
			sourceTree = "<group>";
		};
		641D889D1D2CBEDA00CA5965 /* Businesses */ = {
			isa = PBXGroup;
			children = (
				648088801D2CD2730045793A /* PCMainTableViewDelegate.h */,
				648088811D2CD2730045793A /* PCMainTableViewDelegate.m */,
			);
			path = Businesses;
			sourceTree = "<group>";
		};
		641D889E1D2CBEDA00CA5965 /* Controllers */ = {
			isa = PBXGroup;
			children = (
				641D88A11D2CBF0800CA5965 /* PCMainWindowController.h */,
				641D88A21D2CBF0800CA5965 /* PCMainWindowController.m */,
				641D88A31D2CBF0800CA5965 /* PCMainWindowController.xib */,
			);
			path = Controllers;
			sourceTree = "<group>";
		};
		641D889F1D2CBEDA00CA5965 /* Models */ = {
			isa = PBXGroup;
			children = (
				BA3554131D39E6EB00E2DB04 /* PCTaskStatusMachine.h */,
				BA3554141D39E6EB00E2DB04 /* PCTaskStatusMachine.m */,
				BA77315C1D39101A00464411 /* PCConsoleLogHandler.h */,
				BA77315D1D39101A00464411 /* PCConsoleLogHandler.m */,
				BA7731631D392B9600464411 /* PCCommandParser.h */,
				BA7731641D392B9600464411 /* PCCommandParser.m */,
				BA7731681D3935D600464411 /* PCHelpTaskExecutor.h */,
				BA7731691D3935D600464411 /* PCHelpTaskExecutor.m */,
				BA35540D1D39DFCE00E2DB04 /* PCDeleteTaskExecutor.h */,
				BA35540E1D39DFCE00E2DB04 /* PCDeleteTaskExecutor.m */,
				BA3554101D39E05D00E2DB04 /* PCSearchTaskExecutor.h */,
				BA3554111D39E05D00E2DB04 /* PCSearchTaskExecutor.m */,
				BA3554161D39FA9800E2DB04 /* PCOpenDocumentTaskExecutor.h */,
				BA3554171D39FA9800E2DB04 /* PCOpenDocumentTaskExecutor.m */,
				BA3554191D39FAB100E2DB04 /* PCOpenDrivingDataTaskExecutor.h */,
				BA35541A1D39FAB100E2DB04 /* PCOpenDrivingDataTaskExecutor.m */,
				BA35541C1D39FAE900E2DB04 /* PCDeleteDocumentTaskExecutor.h */,
				BA35541D1D39FAE900E2DB04 /* PCDeleteDocumentTaskExecutor.m */,
				BA35541F1D39FAFE00E2DB04 /* PCDeleteDrivingDataTaskExecutor.h */,
				BA3554201D39FAFE00E2DB04 /* PCDeleteDrivingDataTaskExecutor.m */,
				BA3554221D39FB1D00E2DB04 /* PCClearConsoleTaskExecutor.h */,
				BA3554231D39FB1D00E2DB04 /* PCClearConsoleTaskExecutor.m */,
			);
			path = Models;
			sourceTree = "<group>";
		};
		641D88A01D2CBEDA00CA5965 /* Views */ = {
			isa = PBXGroup;
			children = (
			);
			path = Views;
			sourceTree = "<group>";
		};
		648088831D2CD3720045793A /* Utils */ = {
			isa = PBXGroup;
			children = (
				648088851D2CD4450045793A /* PCDefines.h */,
				BAC50EBF1D2D51E2006ACD85 /* PCUtils.h */,
				BAC50EC01D2D51E2006ACD85 /* PCUtils.m */,
				64366BDD1D38DBC4000363F1 /* NSView+PCUserInteraction.h */,
				64366BDE1D38DBC4000363F1 /* NSView+PCUserInteraction.m */,
				64366BE01D38E4EB000363F1 /* NSMutableString+PCSemanticParsing.h */,
				64366BE11D38E4EB000363F1 /* NSMutableString+PCSemanticParsing.m */,
			);
			path = Utils;
			sourceTree = "<group>";
		};
		648088861D2CE69E0045793A /* Resources */ = {
			isa = PBXGroup;
			children = (
				648088871D2CE6CF0045793A /* PCFuncitons.plist */,
				BA7731661D392CBF00464411 /* PCCommands.plist */,
			);
			path = Resources;
			sourceTree = "<group>";
		};
		BA7731611D39106300464411 /* Protocols */ = {
			isa = PBXGroup;
			children = (
				BA7731621D39108600464411 /* PCTaskExecuteProtocol.h */,
			);
			path = Protocols;
			sourceTree = "<group>";
		};
/* End PBXGroup section */

/* Begin PBXNativeTarget section */
		641D88851D2CB5C200CA5965 /* ProjectCleaner */ = {
			isa = PBXNativeTarget;
			buildConfigurationList = 641D88921D2CB5C200CA5965 /* Build configuration list for PBXNativeTarget "ProjectCleaner" */;
			buildPhases = (
				641D88831D2CB5C200CA5965 /* Sources */,
				641D88841D2CB5C200CA5965 /* Resources */,
			);
			buildRules = (
			);
			dependencies = (
			);
			name = ProjectCleaner;
			productName = ProjectCleaner;
			productReference = 641D88861D2CB5C200CA5965 /* ProjectCleaner.xcplugin */;
			productType = "com.apple.product-type.bundle";
		};
/* End PBXNativeTarget section */

/* Begin PBXProject section */
		641D887F1D2CB5C200CA5965 /* Project object */ = {
			isa = PBXProject;
			attributes = {
				LastUpgradeCheck = 0730;
				ORGANIZATIONNAME = lobster;
				TargetAttributes = {
					641D88851D2CB5C200CA5965 = {
						CreatedOnToolsVersion = 7.3.1;
					};
				};
			};
			buildConfigurationList = 641D88821D2CB5C200CA5965 /* Build configuration list for PBXProject "ProjectCleaner" */;
			compatibilityVersion = "Xcode 3.2";
			developmentRegion = English;
			hasScannedForEncodings = 0;
			knownRegions = (
				en,
			);
			mainGroup = 641D887E1D2CB5C200CA5965;
			productRefGroup = 641D88871D2CB5C200CA5965 /* Products */;
			projectDirPath = "";
			projectRoot = "";
			targets = (
				641D88851D2CB5C200CA5965 /* ProjectCleaner */,
			);
		};
/* End PBXProject section */

/* Begin PBXResourcesBuildPhase section */
		641D88841D2CB5C200CA5965 /* Resources */ = {
			isa = PBXResourcesBuildPhase;
			buildActionMask = 2147483647;
			files = (
				648088881D2CE6CF0045793A /* PCFuncitons.plist in Resources */,
				641D888B1D2CB5C200CA5965 /* ProjectCleaner.xcscheme in Resources */,
				641D88A51D2CBF0800CA5965 /* PCMainWindowController.xib in Resources */,
				BA7731671D392CBF00464411 /* PCCommands.plist in Resources */,
			);
			runOnlyForDeploymentPostprocessing = 0;
		};
/* End PBXResourcesBuildPhase section */

/* Begin PBXSourcesBuildPhase section */
		641D88831D2CB5C200CA5965 /* Sources */ = {
			isa = PBXSourcesBuildPhase;
			buildActionMask = 2147483647;
			files = (
				BA35541B1D39FAB100E2DB04 /* PCOpenDrivingDataTaskExecutor.m in Sources */,
				BAC50EC11D2D51E2006ACD85 /* PCUtils.m in Sources */,
				BA3554121D39E05D00E2DB04 /* PCSearchTaskExecutor.m in Sources */,
				BA3554211D39FAFE00E2DB04 /* PCDeleteDrivingDataTaskExecutor.m in Sources */,
				BA3554181D39FA9800E2DB04 /* PCOpenDocumentTaskExecutor.m in Sources */,
				641D888E1D2CB5C200CA5965 /* ProjectCleaner.m in Sources */,
				BA35541E1D39FAE900E2DB04 /* PCDeleteDocumentTaskExecutor.m in Sources */,
				BA77316A1D3935D600464411 /* PCHelpTaskExecutor.m in Sources */,
				BA3554241D39FB1D00E2DB04 /* PCClearConsoleTaskExecutor.m in Sources */,
				BA35540F1D39DFCE00E2DB04 /* PCDeleteTaskExecutor.m in Sources */,
				641D88A41D2CBF0800CA5965 /* PCMainWindowController.m in Sources */,
				BA7731651D392B9600464411 /* PCCommandParser.m in Sources */,
				BA3554151D39E6EB00E2DB04 /* PCTaskStatusMachine.m in Sources */,
				648088821D2CD2730045793A /* PCMainTableViewDelegate.m in Sources */,
				BA77315E1D39101A00464411 /* PCConsoleLogHandler.m in Sources */,
				64366BE21D38E4EB000363F1 /* NSMutableString+PCSemanticParsing.m in Sources */,
				64366BDF1D38DBC4000363F1 /* NSView+PCUserInteraction.m in Sources */,
			);
			runOnlyForDeploymentPostprocessing = 0;
		};
/* End PBXSourcesBuildPhase section */

/* Begin XCBuildConfiguration section */
		641D88901D2CB5C200CA5965 /* Debug */ = {
			isa = XCBuildConfiguration;
			buildSettings = {
				ALWAYS_SEARCH_USER_PATHS = NO;
				CLANG_ANALYZER_NONNULL = YES;
				CLANG_CXX_LANGUAGE_STANDARD = "gnu++0x";
				CLANG_CXX_LIBRARY = "libc++";
				CLANG_ENABLE_MODULES = YES;
				CLANG_ENABLE_OBJC_ARC = YES;
				CLANG_WARN_BOOL_CONVERSION = YES;
				CLANG_WARN_CONSTANT_CONVERSION = YES;
				CLANG_WARN_DIRECT_OBJC_ISA_USAGE = YES_ERROR;
				CLANG_WARN_EMPTY_BODY = YES;
				CLANG_WARN_ENUM_CONVERSION = YES;
				CLANG_WARN_INT_CONVERSION = YES;
				CLANG_WARN_OBJC_ROOT_CLASS = YES_ERROR;
				CLANG_WARN_UNREACHABLE_CODE = YES;
				CLANG_WARN__DUPLICATE_METHOD_MATCH = YES;
				CODE_SIGN_IDENTITY = "-";
				COPY_PHASE_STRIP = NO;
				DEBUG_INFORMATION_FORMAT = dwarf;
				ENABLE_STRICT_OBJC_MSGSEND = YES;
				ENABLE_TESTABILITY = YES;
				GCC_C_LANGUAGE_STANDARD = gnu99;
				GCC_DYNAMIC_NO_PIC = NO;
				GCC_NO_COMMON_BLOCKS = YES;
				GCC_OPTIMIZATION_LEVEL = 0;
				GCC_PREPROCESSOR_DEFINITIONS = (
					"DEBUG=1",
					"$(inherited)",
				);
				GCC_WARN_64_TO_32_BIT_CONVERSION = YES;
				GCC_WARN_ABOUT_RETURN_TYPE = YES_ERROR;
				GCC_WARN_UNDECLARED_SELECTOR = YES;
				GCC_WARN_UNINITIALIZED_AUTOS = YES_AGGRESSIVE;
				GCC_WARN_UNUSED_FUNCTION = YES;
				GCC_WARN_UNUSED_VARIABLE = YES;
				MACOSX_DEPLOYMENT_TARGET = 10.11;
				MTL_ENABLE_DEBUG_INFO = YES;
				ONLY_ACTIVE_ARCH = YES;
				SDKROOT = macosx;
			};
			name = Debug;
		};
		641D88911D2CB5C200CA5965 /* Release */ = {
			isa = XCBuildConfiguration;
			buildSettings = {
				ALWAYS_SEARCH_USER_PATHS = NO;
				CLANG_ANALYZER_NONNULL = YES;
				CLANG_CXX_LANGUAGE_STANDARD = "gnu++0x";
				CLANG_CXX_LIBRARY = "libc++";
				CLANG_ENABLE_MODULES = YES;
				CLANG_ENABLE_OBJC_ARC = YES;
				CLANG_WARN_BOOL_CONVERSION = YES;
				CLANG_WARN_CONSTANT_CONVERSION = YES;
				CLANG_WARN_DIRECT_OBJC_ISA_USAGE = YES_ERROR;
				CLANG_WARN_EMPTY_BODY = YES;
				CLANG_WARN_ENUM_CONVERSION = YES;
				CLANG_WARN_INT_CONVERSION = YES;
				CLANG_WARN_OBJC_ROOT_CLASS = YES_ERROR;
				CLANG_WARN_UNREACHABLE_CODE = YES;
				CLANG_WARN__DUPLICATE_METHOD_MATCH = YES;
				CODE_SIGN_IDENTITY = "-";
				COPY_PHASE_STRIP = NO;
				DEBUG_INFORMATION_FORMAT = "dwarf-with-dsym";
				ENABLE_NS_ASSERTIONS = NO;
				ENABLE_STRICT_OBJC_MSGSEND = YES;
				GCC_C_LANGUAGE_STANDARD = gnu99;
				GCC_NO_COMMON_BLOCKS = YES;
				GCC_WARN_64_TO_32_BIT_CONVERSION = YES;
				GCC_WARN_ABOUT_RETURN_TYPE = YES_ERROR;
				GCC_WARN_UNDECLARED_SELECTOR = YES;
				GCC_WARN_UNINITIALIZED_AUTOS = YES_AGGRESSIVE;
				GCC_WARN_UNUSED_FUNCTION = YES;
				GCC_WARN_UNUSED_VARIABLE = YES;
				MACOSX_DEPLOYMENT_TARGET = 10.11;
				MTL_ENABLE_DEBUG_INFO = NO;
				SDKROOT = macosx;
			};
			name = Release;
		};
		641D88931D2CB5C200CA5965 /* Debug */ = {
			isa = XCBuildConfiguration;
			buildSettings = {
				COMBINE_HIDPI_IMAGES = YES;
				DEPLOYMENT_LOCATION = YES;
				DSTROOT = "$(HOME)";
				INFOPLIST_FILE = ProjectCleaner/Info.plist;
				INSTALL_PATH = "/Library/Application Support/Developer/Shared/Xcode/Plug-ins";
				PRODUCT_BUNDLE_IDENTIFIER = com.lobster.ProjectCleaner;
				PRODUCT_NAME = "$(TARGET_NAME)";
				WRAPPER_EXTENSION = xcplugin;
			};
			name = Debug;
		};
		641D88941D2CB5C200CA5965 /* Release */ = {
			isa = XCBuildConfiguration;
			buildSettings = {
				COMBINE_HIDPI_IMAGES = YES;
				DEPLOYMENT_LOCATION = YES;
				DSTROOT = "$(HOME)";
				INFOPLIST_FILE = ProjectCleaner/Info.plist;
				INSTALL_PATH = "/Library/Application Support/Developer/Shared/Xcode/Plug-ins";
				PRODUCT_BUNDLE_IDENTIFIER = com.lobster.ProjectCleaner;
				PRODUCT_NAME = "$(TARGET_NAME)";
				WRAPPER_EXTENSION = xcplugin;
			};
			name = Release;
		};
/* End XCBuildConfiguration section */

/* Begin XCConfigurationList section */
		641D88821D2CB5C200CA5965 /* Build configuration list for PBXProject "ProjectCleaner" */ = {
			isa = XCConfigurationList;
			buildConfigurations = (
				641D88901D2CB5C200CA5965 /* Debug */,
				641D88911D2CB5C200CA5965 /* Release */,
			);
			defaultConfigurationIsVisible = 0;
			defaultConfigurationName = Release;
		};
		641D88921D2CB5C200CA5965 /* Build configuration list for PBXNativeTarget "ProjectCleaner" */ = {
			isa = XCConfigurationList;
			buildConfigurations = (
				641D88931D2CB5C200CA5965 /* Debug */,
				641D88941D2CB5C200CA5965 /* Release */,
			);
			defaultConfigurationIsVisible = 0;
			defaultConfigurationName = Release;
		};
/* End XCConfigurationList section */
	};
	rootObject = 641D887F1D2CB5C200CA5965 /* Project object */;
}
